
Microsoft Visual Studio Solution File, Format Version 12.00
# Visual Studio 2013
VisualStudioVersion = 12.0.21005.1
MinimumVisualStudioVersion = 10.0.40219.1
Project("{8BC9CEB8-8B4A-11D0-8D11-00A0C91BC942}") = "game1", "game1\game1.vcxproj", "{E78FC443-BADA-4DFD-BDCC-43C3D7A1D78F}"
EndProject
Global
	GlobalSection(SolutionConfigurationPlatforms) = preSolution
		Debug|Win32 = Debug|Win32
		Release|Win32 = Release|Win32
	EndGlobalSection
	GlobalSection(ProjectConfigurationPlatforms) = postSolution
		{E78FC443-BADA-4DFD-BDCC-43C3D7A1D78F}.Debug|Win32.ActiveCfg = Debug|Win32
		{E78FC443-BADA-4DFD-BDCC-43C3D7A1D78F}.Debug|Win32.Build.0 = Debug|Win32
		{E78FC443-BADA-4DFD-BDCC-43C3D7A1D78F}.Release|Win32.ActiveCfg = Release|Win32
		{E78FC443-BADA-4DFD-BDCC-43C3D7A1D78F}.Release|Win32.Build.0 = Release|Win32
	EndGlobalSection
	GlobalSection(SolutionProperties) = preSolution
		HideSolutionNode = FALSE
	EndGlobalSection
EndGlobal
